
Microsoft Visual Studio Solution File, Format Version 12.00
# Visual Studio 15
VisualStudioVersion = 15.0.28307.168
MinimumVisualStudioVersion = 10.0.40219.1
Project("{FAE04EC0-301F-11D3-BF4B-00C04F79EFBC}") = "NumberExtensions", "NumberExtensions\NumberExtensions.csproj", "{8F2175F6-770B-4F15-ACBF-9AA8B0A4DCE3}"
EndProject
Project("{FAE04EC0-301F-11D3-BF4B-00C04F79EFBC}") = "NumberExtensions.Tests", "NumberExtensions.Tests\NumberExtensions.Tests.csproj", "{40D822B7-9872-4544-9790-9841DF1B3AAA}"
EndProject
Global
	GlobalSection(SolutionConfigurationPlatforms) = preSolution
		Debug|Any CPU = Debug|Any CPU
		Release|Any CPU = Release|Any CPU
	EndGlobalSection
	GlobalSection(ProjectConfigurationPlatforms) = postSolution
		{8F2175F6-770B-4F15-ACBF-9AA8B0A4DCE3}.Debug|Any CPU.ActiveCfg = Debug|Any CPU
		{8F2175F6-770B-4F15-ACBF-9AA8B0A4DCE3}.Debug|Any CPU.Build.0 = Debug|Any CPU
		{8F2175F6-770B-4F15-ACBF-9AA8B0A4DCE3}.Release|Any CPU.ActiveCfg = Release|Any CPU
		{8F2175F6-770B-4F15-ACBF-9AA8B0A4DCE3}.Release|Any CPU.Build.0 = Release|Any CPU
		{40D822B7-9872-4544-9790-9841DF1B3AAA}.Debug|Any CPU.ActiveCfg = Debug|Any CPU
		{40D822B7-9872-4544-9790-9841DF1B3AAA}.Debug|Any CPU.Build.0 = Debug|Any CPU
		{40D822B7-9872-4544-9790-9841DF1B3AAA}.Release|Any CPU.ActiveCfg = Release|Any CPU
		{40D822B7-9872-4544-9790-9841DF1B3AAA}.Release|Any CPU.Build.0 = Release|Any CPU
	EndGlobalSection
	GlobalSection(SolutionProperties) = preSolution
		HideSolutionNode = FALSE
	EndGlobalSection
	GlobalSection(ExtensibilityGlobals) = postSolution
		SolutionGuid = {FA6DCB85-3BBF-486C-B7EE-14D437302797}
	EndGlobalSection
EndGlobal
