
Microsoft Visual Studio Solution File, Format Version 12.00
# Visual Studio Version 16
VisualStudioVersion = 16.0.28803.352
MinimumVisualStudioVersion = 10.0.40219.1
Project("{FAE04EC0-301F-11D3-BF4B-00C04F79EFBC}") = "NET.S.2019.Bahirau.19", "NET.S.2019.Bahirau.19\NET.S.2019.Bahirau.19.csproj", "{E5CA888F-FA9E-4DE0-9104-B6F7A00C7C33}"
EndProject
Global
	GlobalSection(SolutionConfigurationPlatforms) = preSolution
		Debug|Any CPU = Debug|Any CPU
		Release|Any CPU = Release|Any CPU
	EndGlobalSection
	GlobalSection(ProjectConfigurationPlatforms) = postSolution
		{E5CA888F-FA9E-4DE0-9104-B6F7A00C7C33}.Debug|Any CPU.ActiveCfg = Debug|Any CPU
		{E5CA888F-FA9E-4DE0-9104-B6F7A00C7C33}.Debug|Any CPU.Build.0 = Debug|Any CPU
		{E5CA888F-FA9E-4DE0-9104-B6F7A00C7C33}.Release|Any CPU.ActiveCfg = Release|Any CPU
		{E5CA888F-FA9E-4DE0-9104-B6F7A00C7C33}.Release|Any CPU.Build.0 = Release|Any CPU
	EndGlobalSection
	GlobalSection(SolutionProperties) = preSolution
		HideSolutionNode = FALSE
	EndGlobalSection
	GlobalSection(ExtensibilityGlobals) = postSolution
		SolutionGuid = {FC8A04DA-95BD-42A6-82E3-80F5F9088F78}
	EndGlobalSection
EndGlobal
