
Microsoft Visual Studio Solution File, Format Version 12.00
# Visual Studio Version 16
VisualStudioVersion = 16.0.28803.156
MinimumVisualStudioVersion = 10.0.40219.1
Project("{FAE04EC0-301F-11D3-BF4B-00C04F79EFBC}") = "BookExtensions", "BookExtensions\BookExtensions.csproj", "{BE7DF78F-515D-44BE-A352-80DCABD68BDE}"
EndProject
Project("{9A19103F-16F7-4668-BE54-9A1E7A4F7556}") = "BookExtensions.Tests", "BookExtensions.Tests\BookExtensions.Tests.csproj", "{B3F5D22B-3978-4C88-90E7-9BC50116B6C3}"
EndProject
Project("{FAE04EC0-301F-11D3-BF4B-00C04F79EFBC}") = "GCDAlgorithm", "GCDAlgorithm\GCDAlgorithm.csproj", "{959BAD47-DC06-471B-B768-4088A3268EF6}"
EndProject
Project("{FAE04EC0-301F-11D3-BF4B-00C04F79EFBC}") = "GCDAlgorithm.Tests", "GCDAlgorithm.Tests\GCDAlgorithm.Tests.csproj", "{1C57F782-48AC-45EA-A9BE-958869D89CB7}"
EndProject
Project("{FAE04EC0-301F-11D3-BF4B-00C04F79EFBC}") = "JaggedBubbleSort", "JaggedBubbleSort\JaggedBubbleSort.csproj", "{FD8B005B-8DE1-4019-8E2E-4FA2D94AF97A}"
EndProject
Global
	GlobalSection(SolutionConfigurationPlatforms) = preSolution
		Debug|Any CPU = Debug|Any CPU
		Release|Any CPU = Release|Any CPU
	EndGlobalSection
	GlobalSection(ProjectConfigurationPlatforms) = postSolution
		{BE7DF78F-515D-44BE-A352-80DCABD68BDE}.Debug|Any CPU.ActiveCfg = Debug|Any CPU
		{BE7DF78F-515D-44BE-A352-80DCABD68BDE}.Debug|Any CPU.Build.0 = Debug|Any CPU
		{BE7DF78F-515D-44BE-A352-80DCABD68BDE}.Release|Any CPU.ActiveCfg = Release|Any CPU
		{BE7DF78F-515D-44BE-A352-80DCABD68BDE}.Release|Any CPU.Build.0 = Release|Any CPU
		{B3F5D22B-3978-4C88-90E7-9BC50116B6C3}.Debug|Any CPU.ActiveCfg = Debug|Any CPU
		{B3F5D22B-3978-4C88-90E7-9BC50116B6C3}.Debug|Any CPU.Build.0 = Debug|Any CPU
		{B3F5D22B-3978-4C88-90E7-9BC50116B6C3}.Release|Any CPU.ActiveCfg = Release|Any CPU
		{B3F5D22B-3978-4C88-90E7-9BC50116B6C3}.Release|Any CPU.Build.0 = Release|Any CPU
		{959BAD47-DC06-471B-B768-4088A3268EF6}.Debug|Any CPU.ActiveCfg = Debug|Any CPU
		{959BAD47-DC06-471B-B768-4088A3268EF6}.Debug|Any CPU.Build.0 = Debug|Any CPU
		{959BAD47-DC06-471B-B768-4088A3268EF6}.Release|Any CPU.ActiveCfg = Release|Any CPU
		{959BAD47-DC06-471B-B768-4088A3268EF6}.Release|Any CPU.Build.0 = Release|Any CPU
		{1C57F782-48AC-45EA-A9BE-958869D89CB7}.Debug|Any CPU.ActiveCfg = Debug|Any CPU
		{1C57F782-48AC-45EA-A9BE-958869D89CB7}.Debug|Any CPU.Build.0 = Debug|Any CPU
		{1C57F782-48AC-45EA-A9BE-958869D89CB7}.Release|Any CPU.ActiveCfg = Release|Any CPU
		{1C57F782-48AC-45EA-A9BE-958869D89CB7}.Release|Any CPU.Build.0 = Release|Any CPU
		{FD8B005B-8DE1-4019-8E2E-4FA2D94AF97A}.Debug|Any CPU.ActiveCfg = Debug|Any CPU
		{FD8B005B-8DE1-4019-8E2E-4FA2D94AF97A}.Debug|Any CPU.Build.0 = Debug|Any CPU
		{FD8B005B-8DE1-4019-8E2E-4FA2D94AF97A}.Release|Any CPU.ActiveCfg = Release|Any CPU
		{FD8B005B-8DE1-4019-8E2E-4FA2D94AF97A}.Release|Any CPU.Build.0 = Release|Any CPU
	EndGlobalSection
	GlobalSection(SolutionProperties) = preSolution
		HideSolutionNode = FALSE
	EndGlobalSection
	GlobalSection(ExtensibilityGlobals) = postSolution
		SolutionGuid = {88701557-2870-4CD2-9758-E9EC04609BDA}
	EndGlobalSection
EndGlobal
