
Microsoft Visual Studio Solution File, Format Version 12.00
# Visual Studio Version 16
VisualStudioVersion = 16.0.28803.202
MinimumVisualStudioVersion = 10.0.40219.1
Project("{FAE04EC0-301F-11D3-BF4B-00C04F79EFBC}") = "CustomQueue", "CustomQueue\CustomQueue.csproj", "{F7F7102C-882E-419E-8681-E5AC2DAC24CF}"
EndProject
Project("{FAE04EC0-301F-11D3-BF4B-00C04F79EFBC}") = "CustomQueue.Tests", "CustomQueue.Tests\CustomQueue.Tests.csproj", "{CEC9D4A0-8517-4CE0-AAC1-770C5A32FA1A}"
EndProject
Global
	GlobalSection(SolutionConfigurationPlatforms) = preSolution
		Debug|Any CPU = Debug|Any CPU
		Release|Any CPU = Release|Any CPU
	EndGlobalSection
	GlobalSection(ProjectConfigurationPlatforms) = postSolution
		{F7F7102C-882E-419E-8681-E5AC2DAC24CF}.Debug|Any CPU.ActiveCfg = Debug|Any CPU
		{F7F7102C-882E-419E-8681-E5AC2DAC24CF}.Debug|Any CPU.Build.0 = Debug|Any CPU
		{F7F7102C-882E-419E-8681-E5AC2DAC24CF}.Release|Any CPU.ActiveCfg = Release|Any CPU
		{F7F7102C-882E-419E-8681-E5AC2DAC24CF}.Release|Any CPU.Build.0 = Release|Any CPU
		{CEC9D4A0-8517-4CE0-AAC1-770C5A32FA1A}.Debug|Any CPU.ActiveCfg = Debug|Any CPU
		{CEC9D4A0-8517-4CE0-AAC1-770C5A32FA1A}.Debug|Any CPU.Build.0 = Debug|Any CPU
		{CEC9D4A0-8517-4CE0-AAC1-770C5A32FA1A}.Release|Any CPU.ActiveCfg = Release|Any CPU
		{CEC9D4A0-8517-4CE0-AAC1-770C5A32FA1A}.Release|Any CPU.Build.0 = Release|Any CPU
	EndGlobalSection
	GlobalSection(SolutionProperties) = preSolution
		HideSolutionNode = FALSE
	EndGlobalSection
	GlobalSection(ExtensibilityGlobals) = postSolution
		SolutionGuid = {B33CEF3F-048E-4866-9330-88B22FEE6F0A}
	EndGlobalSection
EndGlobal
